
Microsoft Visual Studio Solution File, Format Version 12.00
# Visual Studio Version 17
VisualStudioVersion = 17.3.32901.215
MinimumVisualStudioVersion = 10.0.40219.1
Project("{8BC9CEB8-8B4A-11D0-8D11-00A0C91BC942}") = "DllInjection", "DllInjection\DllInjection.vcxproj", "{53380070-E1AD-469B-9CB6-D0E57A555F58}"
EndProject
Project("{2150E333-8FDC-42A3-9474-1A3956D46DE8}") = "Common", "Common", "{B4A11FC8-CD05-4A70-B93D-313E0F12DC81}"
	ProjectSection(SolutionItems) = preProject
		Common\Constants.h = Common\Constants.h
		Common\Dotnet.h = Common\Dotnet.h
		Common\MetadataTables.cpp = Common\MetadataTables.cpp
		Common\MetadataTables.h = Common\MetadataTables.h
		Common\PE.cpp = Common\PE.cpp
		Common\PE.h = Common\PE.h
		Common\Process.cpp = Common\Process.cpp
		Common\Process.h = Common\Process.h
		Common\User.cpp = Common\User.cpp
		Common\User.h = Common\User.h
		Common\Utils.cpp = Common\Utils.cpp
		Common\Utils.h = Common\Utils.h
		Common\WinInternals.h = Common\WinInternals.h
	EndProjectSection
EndProject
Project("{8BC9CEB8-8B4A-11D0-8D11-00A0C91BC942}") = "CLRDetection", "CLRDetection\CLRDetection.vcxproj", "{90E66166-C504-441E-9B03-084F93ACF060}"
EndProject
Project("{8BC9CEB8-8B4A-11D0-8D11-00A0C91BC942}") = "ManualMapping", "ManualMapping\ManualMapping.vcxproj", "{5C079390-F55B-4856-BF7E-66028F31A7E5}"
EndProject
Project("{8BC9CEB8-8B4A-11D0-8D11-00A0C91BC942}") = "PythonCodeInjection", "PythonCodeInjection\PythonCodeInjection.vcxproj", "{0141FE0E-DFF7-401C-80D0-E0ADE1A4E054}"
EndProject
Project("{8BC9CEB8-8B4A-11D0-8D11-00A0C91BC942}") = "IATHook", "IATHook\IATHook.vcxproj", "{488ABB7A-FFBE-4AEF-A9D1-8EDE8B7D47F3}"
EndProject
Project("{8BC9CEB8-8B4A-11D0-8D11-00A0C91BC942}") = "TrampolineHook", "TrampolineHook\TrampolineHook.vcxproj", "{CC8FCF41-E237-4E9D-9E7D-AAED875C4075}"
EndProject
Project("{8BC9CEB8-8B4A-11D0-8D11-00A0C91BC942}") = "ProxyDllGenerator", "ProxyDllGenerator\ProxyDllGenerator.vcxproj", "{90213374-A367-4895-964E-733D936EF886}"
EndProject
Project("{8BC9CEB8-8B4A-11D0-8D11-00A0C91BC942}") = "DotnetParser", "DotnetParser\DotnetParser.vcxproj", "{8D499E4F-D1C0-4078-A02E-9D64A4A60AE1}"
EndProject
Project("{8BC9CEB8-8B4A-11D0-8D11-00A0C91BC942}") = "DotnetDllLoader", "DotnetDllInjection\DotnetDllLoader\DotnetDllLoader.vcxproj", "{489D7A0E-FB93-4265-84EB-F7FC09A23007}"
EndProject
Project("{8BC9CEB8-8B4A-11D0-8D11-00A0C91BC942}") = "DotnetDllInjection", "DotnetDllInjection\DotnetDllInjection\DotnetDllInjection.vcxproj", "{22B40907-315E-49A3-BC54-C7A558D34851}"
EndProject
Project("{FAE04EC0-301F-11D3-BF4B-00C04F79EFBC}") = "CSCodeInjectionServer", "CSCodeInjection\CSCodeInjectionServer\CSCodeInjectionServer.csproj", "{6F9D12AD-7BB1-41F7-8C8F-21683280A5C2}"
EndProject
Project("{2150E333-8FDC-42A3-9474-1A3956D46DE8}") = "CSCodeInjection", "CSCodeInjection", "{192A2EA7-FC7E-4606-B626-4F91817C40B9}"
EndProject
Project("{FAE04EC0-301F-11D3-BF4B-00C04F79EFBC}") = "CSCodeInjectionClient", "CSCodeInjection\CSCodeInjectionClient\CSCodeInjectionClient.csproj", "{5E18FB8A-A2FD-4F36-994F-2EE6A7CC4EA6}"
EndProject
Project("{2150E333-8FDC-42A3-9474-1A3956D46DE8}") = "DotnetDllInjection", "DotnetDllInjection", "{71B7D9D6-0593-498D-B258-986FC201760B}"
EndProject
Project("{FAE04EC0-301F-11D3-BF4B-00C04F79EFBC}") = "DotnetHook", "DotnetHook\DotnetHook.csproj", "{CB17F54D-784D-4CA8-8904-16EC620A1515}"
EndProject
Project("{8BC9CEB8-8B4A-11D0-8D11-00A0C91BC942}") = "TokenPrivileges", "TokenPrivileges\TokenPrivileges.vcxproj", "{DFA54A74-26A5-4C9F-8BD1-F04400CC0A00}"
EndProject
Project("{8BC9CEB8-8B4A-11D0-8D11-00A0C91BC942}") = "GhostWritingInjection", "GhostWritingInjection\GhostWritingInjection.vcxproj", "{6F93B108-4A4B-4C8E-9F5E-B72207125B0F}"
EndProject
Project("{8BC9CEB8-8B4A-11D0-8D11-00A0C91BC942}") = "PESectionInjection", "PESectionInjection\PESectionInjection.vcxproj", "{56AF5BF2-E482-400F-8A71-239FAA4371DE}"
EndProject
Project("{2150E333-8FDC-42A3-9474-1A3956D46DE8}") = "Enum", "Enum", "{35D46BB2-C7B1-4C3A-B869-29C7F980D418}"
EndProject
Project("{8BC9CEB8-8B4A-11D0-8D11-00A0C91BC942}") = "ListHandles", "Enum\ListHandles\ListHandles.vcxproj", "{D14DF76B-082D-4BF6-B0B2-B352AB3E1BCA}"
EndProject
Project("{8BC9CEB8-8B4A-11D0-8D11-00A0C91BC942}") = "DumpResources", "DumpResources\DumpResources.vcxproj", "{BB00A020-0BE3-4701-9B07-E7B6FABD884C}"
EndProject
Project("{8BC9CEB8-8B4A-11D0-8D11-00A0C91BC942}") = "ListConnections", "Enum\ListConnections\ListConnections.vcxproj", "{4819B744-7ACB-496F-A65D-DF5DB029C29F}"
EndProject
Global
	GlobalSection(SolutionConfigurationPlatforms) = preSolution
		Debug|Any CPU = Debug|Any CPU
		Debug|x64 = Debug|x64
		Debug|x86 = Debug|x86
		Release|Any CPU = Release|Any CPU
		Release|x64 = Release|x64
		Release|x86 = Release|x86
	EndGlobalSection
	GlobalSection(ProjectConfigurationPlatforms) = postSolution
		{53380070-E1AD-469B-9CB6-D0E57A555F58}.Debug|Any CPU.ActiveCfg = Debug|x64
		{53380070-E1AD-469B-9CB6-D0E57A555F58}.Debug|Any CPU.Build.0 = Debug|x64
		{53380070-E1AD-469B-9CB6-D0E57A555F58}.Debug|x64.ActiveCfg = Debug|x64
		{53380070-E1AD-469B-9CB6-D0E57A555F58}.Debug|x64.Build.0 = Debug|x64
		{53380070-E1AD-469B-9CB6-D0E57A555F58}.Debug|x86.ActiveCfg = Debug|Win32
		{53380070-E1AD-469B-9CB6-D0E57A555F58}.Debug|x86.Build.0 = Debug|Win32
		{53380070-E1AD-469B-9CB6-D0E57A555F58}.Release|Any CPU.ActiveCfg = Release|x64
		{53380070-E1AD-469B-9CB6-D0E57A555F58}.Release|Any CPU.Build.0 = Release|x64
		{53380070-E1AD-469B-9CB6-D0E57A555F58}.Release|x64.ActiveCfg = Release|x64
		{53380070-E1AD-469B-9CB6-D0E57A555F58}.Release|x64.Build.0 = Release|x64
		{53380070-E1AD-469B-9CB6-D0E57A555F58}.Release|x86.ActiveCfg = Release|Win32
		{53380070-E1AD-469B-9CB6-D0E57A555F58}.Release|x86.Build.0 = Release|Win32
		{90E66166-C504-441E-9B03-084F93ACF060}.Debug|Any CPU.ActiveCfg = Debug|x64
		{90E66166-C504-441E-9B03-084F93ACF060}.Debug|Any CPU.Build.0 = Debug|x64
		{90E66166-C504-441E-9B03-084F93ACF060}.Debug|x64.ActiveCfg = Debug|x64
		{90E66166-C504-441E-9B03-084F93ACF060}.Debug|x64.Build.0 = Debug|x64
		{90E66166-C504-441E-9B03-084F93ACF060}.Debug|x86.ActiveCfg = Debug|Win32
		{90E66166-C504-441E-9B03-084F93ACF060}.Debug|x86.Build.0 = Debug|Win32
		{90E66166-C504-441E-9B03-084F93ACF060}.Release|Any CPU.ActiveCfg = Release|x64
		{90E66166-C504-441E-9B03-084F93ACF060}.Release|Any CPU.Build.0 = Release|x64
		{90E66166-C504-441E-9B03-084F93ACF060}.Release|x64.ActiveCfg = Release|x64
		{90E66166-C504-441E-9B03-084F93ACF060}.Release|x64.Build.0 = Release|x64
		{90E66166-C504-441E-9B03-084F93ACF060}.Release|x86.ActiveCfg = Release|Win32
		{90E66166-C504-441E-9B03-084F93ACF060}.Release|x86.Build.0 = Release|Win32
		{5C079390-F55B-4856-BF7E-66028F31A7E5}.Debug|Any CPU.ActiveCfg = Debug|x64
		{5C079390-F55B-4856-BF7E-66028F31A7E5}.Debug|Any CPU.Build.0 = Debug|x64
		{5C079390-F55B-4856-BF7E-66028F31A7E5}.Debug|x64.ActiveCfg = Debug|x64
		{5C079390-F55B-4856-BF7E-66028F31A7E5}.Debug|x64.Build.0 = Debug|x64
		{5C079390-F55B-4856-BF7E-66028F31A7E5}.Debug|x86.ActiveCfg = Debug|Win32
		{5C079390-F55B-4856-BF7E-66028F31A7E5}.Debug|x86.Build.0 = Debug|Win32
		{5C079390-F55B-4856-BF7E-66028F31A7E5}.Release|Any CPU.ActiveCfg = Release|x64
		{5C079390-F55B-4856-BF7E-66028F31A7E5}.Release|Any CPU.Build.0 = Release|x64
		{5C079390-F55B-4856-BF7E-66028F31A7E5}.Release|x64.ActiveCfg = Release|x64
		{5C079390-F55B-4856-BF7E-66028F31A7E5}.Release|x64.Build.0 = Release|x64
		{5C079390-F55B-4856-BF7E-66028F31A7E5}.Release|x86.ActiveCfg = Release|Win32
		{5C079390-F55B-4856-BF7E-66028F31A7E5}.Release|x86.Build.0 = Release|Win32
		{0141FE0E-DFF7-401C-80D0-E0ADE1A4E054}.Debug|Any CPU.ActiveCfg = Debug|x64
		{0141FE0E-DFF7-401C-80D0-E0ADE1A4E054}.Debug|Any CPU.Build.0 = Debug|x64
		{0141FE0E-DFF7-401C-80D0-E0ADE1A4E054}.Debug|x64.ActiveCfg = Debug|x64
		{0141FE0E-DFF7-401C-80D0-E0ADE1A4E054}.Debug|x64.Build.0 = Debug|x64
		{0141FE0E-DFF7-401C-80D0-E0ADE1A4E054}.Debug|x86.ActiveCfg = Debug|Win32
		{0141FE0E-DFF7-401C-80D0-E0ADE1A4E054}.Debug|x86.Build.0 = Debug|Win32
		{0141FE0E-DFF7-401C-80D0-E0ADE1A4E054}.Release|Any CPU.ActiveCfg = Release|x64
		{0141FE0E-DFF7-401C-80D0-E0ADE1A4E054}.Release|Any CPU.Build.0 = Release|x64
		{0141FE0E-DFF7-401C-80D0-E0ADE1A4E054}.Release|x64.ActiveCfg = Release|x64
		{0141FE0E-DFF7-401C-80D0-E0ADE1A4E054}.Release|x64.Build.0 = Release|x64
		{0141FE0E-DFF7-401C-80D0-E0ADE1A4E054}.Release|x86.ActiveCfg = Release|Win32
		{0141FE0E-DFF7-401C-80D0-E0ADE1A4E054}.Release|x86.Build.0 = Release|Win32
		{488ABB7A-FFBE-4AEF-A9D1-8EDE8B7D47F3}.Debug|Any CPU.ActiveCfg = Debug|x64
		{488ABB7A-FFBE-4AEF-A9D1-8EDE8B7D47F3}.Debug|Any CPU.Build.0 = Debug|x64
		{488ABB7A-FFBE-4AEF-A9D1-8EDE8B7D47F3}.Debug|x64.ActiveCfg = Debug|x64
		{488ABB7A-FFBE-4AEF-A9D1-8EDE8B7D47F3}.Debug|x64.Build.0 = Debug|x64
		{488ABB7A-FFBE-4AEF-A9D1-8EDE8B7D47F3}.Debug|x86.ActiveCfg = Debug|Win32
		{488ABB7A-FFBE-4AEF-A9D1-8EDE8B7D47F3}.Debug|x86.Build.0 = Debug|Win32
		{488ABB7A-FFBE-4AEF-A9D1-8EDE8B7D47F3}.Release|Any CPU.ActiveCfg = Release|x64
		{488ABB7A-FFBE-4AEF-A9D1-8EDE8B7D47F3}.Release|Any CPU.Build.0 = Release|x64
		{488ABB7A-FFBE-4AEF-A9D1-8EDE8B7D47F3}.Release|x64.ActiveCfg = Release|x64
		{488ABB7A-FFBE-4AEF-A9D1-8EDE8B7D47F3}.Release|x64.Build.0 = Release|x64
		{488ABB7A-FFBE-4AEF-A9D1-8EDE8B7D47F3}.Release|x86.ActiveCfg = Release|Win32
		{488ABB7A-FFBE-4AEF-A9D1-8EDE8B7D47F3}.Release|x86.Build.0 = Release|Win32
		{CC8FCF41-E237-4E9D-9E7D-AAED875C4075}.Debug|Any CPU.ActiveCfg = Debug|x64
		{CC8FCF41-E237-4E9D-9E7D-AAED875C4075}.Debug|Any CPU.Build.0 = Debug|x64
		{CC8FCF41-E237-4E9D-9E7D-AAED875C4075}.Debug|x64.ActiveCfg = Debug|x64
		{CC8FCF41-E237-4E9D-9E7D-AAED875C4075}.Debug|x64.Build.0 = Debug|x64
		{CC8FCF41-E237-4E9D-9E7D-AAED875C4075}.Debug|x86.ActiveCfg = Debug|Win32
		{CC8FCF41-E237-4E9D-9E7D-AAED875C4075}.Debug|x86.Build.0 = Debug|Win32
		{CC8FCF41-E237-4E9D-9E7D-AAED875C4075}.Release|Any CPU.ActiveCfg = Release|x64
		{CC8FCF41-E237-4E9D-9E7D-AAED875C4075}.Release|Any CPU.Build.0 = Release|x64
		{CC8FCF41-E237-4E9D-9E7D-AAED875C4075}.Release|x64.ActiveCfg = Release|x64
		{CC8FCF41-E237-4E9D-9E7D-AAED875C4075}.Release|x64.Build.0 = Release|x64
		{CC8FCF41-E237-4E9D-9E7D-AAED875C4075}.Release|x86.ActiveCfg = Release|Win32
		{CC8FCF41-E237-4E9D-9E7D-AAED875C4075}.Release|x86.Build.0 = Release|Win32
		{90213374-A367-4895-964E-733D936EF886}.Debug|Any CPU.ActiveCfg = Debug|x64
		{90213374-A367-4895-964E-733D936EF886}.Debug|Any CPU.Build.0 = Debug|x64
		{90213374-A367-4895-964E-733D936EF886}.Debug|x64.ActiveCfg = Debug|x64
		{90213374-A367-4895-964E-733D936EF886}.Debug|x64.Build.0 = Debug|x64
		{90213374-A367-4895-964E-733D936EF886}.Debug|x86.ActiveCfg = Debug|Win32
		{90213374-A367-4895-964E-733D936EF886}.Debug|x86.Build.0 = Debug|Win32
		{90213374-A367-4895-964E-733D936EF886}.Release|Any CPU.ActiveCfg = Release|x64
		{90213374-A367-4895-964E-733D936EF886}.Release|Any CPU.Build.0 = Release|x64
		{90213374-A367-4895-964E-733D936EF886}.Release|x64.ActiveCfg = Release|x64
		{90213374-A367-4895-964E-733D936EF886}.Release|x64.Build.0 = Release|x64
		{90213374-A367-4895-964E-733D936EF886}.Release|x86.ActiveCfg = Release|Win32
		{90213374-A367-4895-964E-733D936EF886}.Release|x86.Build.0 = Release|Win32
		{8D499E4F-D1C0-4078-A02E-9D64A4A60AE1}.Debug|Any CPU.ActiveCfg = Debug|x64
		{8D499E4F-D1C0-4078-A02E-9D64A4A60AE1}.Debug|Any CPU.Build.0 = Debug|x64
		{8D499E4F-D1C0-4078-A02E-9D64A4A60AE1}.Debug|x64.ActiveCfg = Debug|x64
		{8D499E4F-D1C0-4078-A02E-9D64A4A60AE1}.Debug|x64.Build.0 = Debug|x64
		{8D499E4F-D1C0-4078-A02E-9D64A4A60AE1}.Debug|x86.ActiveCfg = Debug|Win32
		{8D499E4F-D1C0-4078-A02E-9D64A4A60AE1}.Debug|x86.Build.0 = Debug|Win32
		{8D499E4F-D1C0-4078-A02E-9D64A4A60AE1}.Release|Any CPU.ActiveCfg = Release|x64
		{8D499E4F-D1C0-4078-A02E-9D64A4A60AE1}.Release|Any CPU.Build.0 = Release|x64
		{8D499E4F-D1C0-4078-A02E-9D64A4A60AE1}.Release|x64.ActiveCfg = Release|x64
		{8D499E4F-D1C0-4078-A02E-9D64A4A60AE1}.Release|x64.Build.0 = Release|x64
		{8D499E4F-D1C0-4078-A02E-9D64A4A60AE1}.Release|x86.ActiveCfg = Release|Win32
		{8D499E4F-D1C0-4078-A02E-9D64A4A60AE1}.Release|x86.Build.0 = Release|Win32
		{489D7A0E-FB93-4265-84EB-F7FC09A23007}.Debug|Any CPU.ActiveCfg = Debug|x64
		{489D7A0E-FB93-4265-84EB-F7FC09A23007}.Debug|Any CPU.Build.0 = Debug|x64
		{489D7A0E-FB93-4265-84EB-F7FC09A23007}.Debug|x64.ActiveCfg = Debug|x64
		{489D7A0E-FB93-4265-84EB-F7FC09A23007}.Debug|x64.Build.0 = Debug|x64
		{489D7A0E-FB93-4265-84EB-F7FC09A23007}.Debug|x86.ActiveCfg = Debug|Win32
		{489D7A0E-FB93-4265-84EB-F7FC09A23007}.Debug|x86.Build.0 = Debug|Win32
		{489D7A0E-FB93-4265-84EB-F7FC09A23007}.Release|Any CPU.ActiveCfg = Release|x64
		{489D7A0E-FB93-4265-84EB-F7FC09A23007}.Release|Any CPU.Build.0 = Release|x64
		{489D7A0E-FB93-4265-84EB-F7FC09A23007}.Release|x64.ActiveCfg = Release|x64
		{489D7A0E-FB93-4265-84EB-F7FC09A23007}.Release|x64.Build.0 = Release|x64
		{489D7A0E-FB93-4265-84EB-F7FC09A23007}.Release|x86.ActiveCfg = Release|Win32
		{489D7A0E-FB93-4265-84EB-F7FC09A23007}.Release|x86.Build.0 = Release|Win32
		{22B40907-315E-49A3-BC54-C7A558D34851}.Debug|Any CPU.ActiveCfg = Debug|x64
		{22B40907-315E-49A3-BC54-C7A558D34851}.Debug|Any CPU.Build.0 = Debug|x64
		{22B40907-315E-49A3-BC54-C7A558D34851}.Debug|x64.ActiveCfg = Debug|x64
		{22B40907-315E-49A3-BC54-C7A558D34851}.Debug|x64.Build.0 = Debug|x64
		{22B40907-315E-49A3-BC54-C7A558D34851}.Debug|x86.ActiveCfg = Debug|Win32
		{22B40907-315E-49A3-BC54-C7A558D34851}.Debug|x86.Build.0 = Debug|Win32
		{22B40907-315E-49A3-BC54-C7A558D34851}.Release|Any CPU.ActiveCfg = Release|x64
		{22B40907-315E-49A3-BC54-C7A558D34851}.Release|Any CPU.Build.0 = Release|x64
		{22B40907-315E-49A3-BC54-C7A558D34851}.Release|x64.ActiveCfg = Release|x64
		{22B40907-315E-49A3-BC54-C7A558D34851}.Release|x64.Build.0 = Release|x64
		{22B40907-315E-49A3-BC54-C7A558D34851}.Release|x86.ActiveCfg = Release|Win32
		{22B40907-315E-49A3-BC54-C7A558D34851}.Release|x86.Build.0 = Release|Win32
		{6F9D12AD-7BB1-41F7-8C8F-21683280A5C2}.Debug|Any CPU.ActiveCfg = Debug|Any CPU
		{6F9D12AD-7BB1-41F7-8C8F-21683280A5C2}.Debug|Any CPU.Build.0 = Debug|Any CPU
		{6F9D12AD-7BB1-41F7-8C8F-21683280A5C2}.Debug|x64.ActiveCfg = Debug|Any CPU
		{6F9D12AD-7BB1-41F7-8C8F-21683280A5C2}.Debug|x64.Build.0 = Debug|Any CPU
		{6F9D12AD-7BB1-41F7-8C8F-21683280A5C2}.Debug|x86.ActiveCfg = Debug|Any CPU
		{6F9D12AD-7BB1-41F7-8C8F-21683280A5C2}.Debug|x86.Build.0 = Debug|Any CPU
		{6F9D12AD-7BB1-41F7-8C8F-21683280A5C2}.Release|Any CPU.ActiveCfg = Release|Any CPU
		{6F9D12AD-7BB1-41F7-8C8F-21683280A5C2}.Release|Any CPU.Build.0 = Release|Any CPU
		{6F9D12AD-7BB1-41F7-8C8F-21683280A5C2}.Release|x64.ActiveCfg = Release|Any CPU
		{6F9D12AD-7BB1-41F7-8C8F-21683280A5C2}.Release|x64.Build.0 = Release|Any CPU
		{6F9D12AD-7BB1-41F7-8C8F-21683280A5C2}.Release|x86.ActiveCfg = Release|Any CPU
		{6F9D12AD-7BB1-41F7-8C8F-21683280A5C2}.Release|x86.Build.0 = Release|Any CPU
		{5E18FB8A-A2FD-4F36-994F-2EE6A7CC4EA6}.Debug|Any CPU.ActiveCfg = Debug|Any CPU
		{5E18FB8A-A2FD-4F36-994F-2EE6A7CC4EA6}.Debug|Any CPU.Build.0 = Debug|Any CPU
		{5E18FB8A-A2FD-4F36-994F-2EE6A7CC4EA6}.Debug|x64.ActiveCfg = Debug|Any CPU
		{5E18FB8A-A2FD-4F36-994F-2EE6A7CC4EA6}.Debug|x64.Build.0 = Debug|Any CPU
		{5E18FB8A-A2FD-4F36-994F-2EE6A7CC4EA6}.Debug|x86.ActiveCfg = Debug|Any CPU
		{5E18FB8A-A2FD-4F36-994F-2EE6A7CC4EA6}.Debug|x86.Build.0 = Debug|Any CPU
		{5E18FB8A-A2FD-4F36-994F-2EE6A7CC4EA6}.Release|Any CPU.ActiveCfg = Release|Any CPU
		{5E18FB8A-A2FD-4F36-994F-2EE6A7CC4EA6}.Release|Any CPU.Build.0 = Release|Any CPU
		{5E18FB8A-A2FD-4F36-994F-2EE6A7CC4EA6}.Release|x64.ActiveCfg = Release|Any CPU
		{5E18FB8A-A2FD-4F36-994F-2EE6A7CC4EA6}.Release|x64.Build.0 = Release|Any CPU
		{5E18FB8A-A2FD-4F36-994F-2EE6A7CC4EA6}.Release|x86.ActiveCfg = Release|Any CPU
		{5E18FB8A-A2FD-4F36-994F-2EE6A7CC4EA6}.Release|x86.Build.0 = Release|Any CPU
		{CB17F54D-784D-4CA8-8904-16EC620A1515}.Debug|Any CPU.ActiveCfg = Debug|Any CPU
		{CB17F54D-784D-4CA8-8904-16EC620A1515}.Debug|Any CPU.Build.0 = Debug|Any CPU
		{CB17F54D-784D-4CA8-8904-16EC620A1515}.Debug|x64.ActiveCfg = Debug|Any CPU
		{CB17F54D-784D-4CA8-8904-16EC620A1515}.Debug|x64.Build.0 = Debug|Any CPU
		{CB17F54D-784D-4CA8-8904-16EC620A1515}.Debug|x86.ActiveCfg = Debug|Any CPU
		{CB17F54D-784D-4CA8-8904-16EC620A1515}.Debug|x86.Build.0 = Debug|Any CPU
		{CB17F54D-784D-4CA8-8904-16EC620A1515}.Release|Any CPU.ActiveCfg = Release|Any CPU
		{CB17F54D-784D-4CA8-8904-16EC620A1515}.Release|Any CPU.Build.0 = Release|Any CPU
		{CB17F54D-784D-4CA8-8904-16EC620A1515}.Release|x64.ActiveCfg = Release|Any CPU
		{CB17F54D-784D-4CA8-8904-16EC620A1515}.Release|x64.Build.0 = Release|Any CPU
		{CB17F54D-784D-4CA8-8904-16EC620A1515}.Release|x86.ActiveCfg = Release|Any CPU
		{CB17F54D-784D-4CA8-8904-16EC620A1515}.Release|x86.Build.0 = Release|Any CPU
		{DFA54A74-26A5-4C9F-8BD1-F04400CC0A00}.Debug|Any CPU.ActiveCfg = Debug|x64
		{DFA54A74-26A5-4C9F-8BD1-F04400CC0A00}.Debug|Any CPU.Build.0 = Debug|x64
		{DFA54A74-26A5-4C9F-8BD1-F04400CC0A00}.Debug|x64.ActiveCfg = Debug|x64
		{DFA54A74-26A5-4C9F-8BD1-F04400CC0A00}.Debug|x64.Build.0 = Debug|x64
		{DFA54A74-26A5-4C9F-8BD1-F04400CC0A00}.Debug|x86.ActiveCfg = Debug|Win32
		{DFA54A74-26A5-4C9F-8BD1-F04400CC0A00}.Debug|x86.Build.0 = Debug|Win32
		{DFA54A74-26A5-4C9F-8BD1-F04400CC0A00}.Release|Any CPU.ActiveCfg = Release|x64
		{DFA54A74-26A5-4C9F-8BD1-F04400CC0A00}.Release|Any CPU.Build.0 = Release|x64
		{DFA54A74-26A5-4C9F-8BD1-F04400CC0A00}.Release|x64.ActiveCfg = Release|x64
		{DFA54A74-26A5-4C9F-8BD1-F04400CC0A00}.Release|x64.Build.0 = Release|x64
		{DFA54A74-26A5-4C9F-8BD1-F04400CC0A00}.Release|x86.ActiveCfg = Release|Win32
		{DFA54A74-26A5-4C9F-8BD1-F04400CC0A00}.Release|x86.Build.0 = Release|Win32
		{6F93B108-4A4B-4C8E-9F5E-B72207125B0F}.Debug|Any CPU.ActiveCfg = Debug|x64
		{6F93B108-4A4B-4C8E-9F5E-B72207125B0F}.Debug|Any CPU.Build.0 = Debug|x64
		{6F93B108-4A4B-4C8E-9F5E-B72207125B0F}.Debug|x64.ActiveCfg = Debug|x64
		{6F93B108-4A4B-4C8E-9F5E-B72207125B0F}.Debug|x64.Build.0 = Debug|x64
		{6F93B108-4A4B-4C8E-9F5E-B72207125B0F}.Debug|x86.ActiveCfg = Debug|Win32
		{6F93B108-4A4B-4C8E-9F5E-B72207125B0F}.Debug|x86.Build.0 = Debug|Win32
		{6F93B108-4A4B-4C8E-9F5E-B72207125B0F}.Release|Any CPU.ActiveCfg = Release|x64
		{6F93B108-4A4B-4C8E-9F5E-B72207125B0F}.Release|Any CPU.Build.0 = Release|x64
		{6F93B108-4A4B-4C8E-9F5E-B72207125B0F}.Release|x64.ActiveCfg = Release|x64
		{6F93B108-4A4B-4C8E-9F5E-B72207125B0F}.Release|x64.Build.0 = Release|x64
		{6F93B108-4A4B-4C8E-9F5E-B72207125B0F}.Release|x86.ActiveCfg = Release|Win32
		{6F93B108-4A4B-4C8E-9F5E-B72207125B0F}.Release|x86.Build.0 = Release|Win32
		{56AF5BF2-E482-400F-8A71-239FAA4371DE}.Debug|Any CPU.ActiveCfg = Debug|x64
		{56AF5BF2-E482-400F-8A71-239FAA4371DE}.Debug|Any CPU.Build.0 = Debug|x64
		{56AF5BF2-E482-400F-8A71-239FAA4371DE}.Debug|x64.ActiveCfg = Debug|x64
		{56AF5BF2-E482-400F-8A71-239FAA4371DE}.Debug|x64.Build.0 = Debug|x64
		{56AF5BF2-E482-400F-8A71-239FAA4371DE}.Debug|x86.ActiveCfg = Debug|Win32
		{56AF5BF2-E482-400F-8A71-239FAA4371DE}.Debug|x86.Build.0 = Debug|Win32
		{56AF5BF2-E482-400F-8A71-239FAA4371DE}.Release|Any CPU.ActiveCfg = Release|x64
		{56AF5BF2-E482-400F-8A71-239FAA4371DE}.Release|Any CPU.Build.0 = Release|x64
		{56AF5BF2-E482-400F-8A71-239FAA4371DE}.Release|x64.ActiveCfg = Release|x64
		{56AF5BF2-E482-400F-8A71-239FAA4371DE}.Release|x64.Build.0 = Release|x64
		{56AF5BF2-E482-400F-8A71-239FAA4371DE}.Release|x86.ActiveCfg = Release|Win32
		{56AF5BF2-E482-400F-8A71-239FAA4371DE}.Release|x86.Build.0 = Release|Win32
		{D14DF76B-082D-4BF6-B0B2-B352AB3E1BCA}.Debug|Any CPU.ActiveCfg = Debug|x64
		{D14DF76B-082D-4BF6-B0B2-B352AB3E1BCA}.Debug|Any CPU.Build.0 = Debug|x64
		{D14DF76B-082D-4BF6-B0B2-B352AB3E1BCA}.Debug|x64.ActiveCfg = Debug|x64
		{D14DF76B-082D-4BF6-B0B2-B352AB3E1BCA}.Debug|x64.Build.0 = Debug|x64
		{D14DF76B-082D-4BF6-B0B2-B352AB3E1BCA}.Debug|x86.ActiveCfg = Debug|Win32
		{D14DF76B-082D-4BF6-B0B2-B352AB3E1BCA}.Debug|x86.Build.0 = Debug|Win32
		{D14DF76B-082D-4BF6-B0B2-B352AB3E1BCA}.Release|Any CPU.ActiveCfg = Release|x64
		{D14DF76B-082D-4BF6-B0B2-B352AB3E1BCA}.Release|Any CPU.Build.0 = Release|x64
		{D14DF76B-082D-4BF6-B0B2-B352AB3E1BCA}.Release|x64.ActiveCfg = Release|x64
		{D14DF76B-082D-4BF6-B0B2-B352AB3E1BCA}.Release|x64.Build.0 = Release|x64
		{D14DF76B-082D-4BF6-B0B2-B352AB3E1BCA}.Release|x86.ActiveCfg = Release|Win32
		{D14DF76B-082D-4BF6-B0B2-B352AB3E1BCA}.Release|x86.Build.0 = Release|Win32
		{BB00A020-0BE3-4701-9B07-E7B6FABD884C}.Debug|Any CPU.ActiveCfg = Debug|x64
		{BB00A020-0BE3-4701-9B07-E7B6FABD884C}.Debug|Any CPU.Build.0 = Debug|x64
		{BB00A020-0BE3-4701-9B07-E7B6FABD884C}.Debug|x64.ActiveCfg = Debug|x64
		{BB00A020-0BE3-4701-9B07-E7B6FABD884C}.Debug|x64.Build.0 = Debug|x64
		{BB00A020-0BE3-4701-9B07-E7B6FABD884C}.Debug|x86.ActiveCfg = Debug|Win32
		{BB00A020-0BE3-4701-9B07-E7B6FABD884C}.Debug|x86.Build.0 = Debug|Win32
		{BB00A020-0BE3-4701-9B07-E7B6FABD884C}.Release|Any CPU.ActiveCfg = Release|x64
		{BB00A020-0BE3-4701-9B07-E7B6FABD884C}.Release|Any CPU.Build.0 = Release|x64
		{BB00A020-0BE3-4701-9B07-E7B6FABD884C}.Release|x64.ActiveCfg = Release|x64
		{BB00A020-0BE3-4701-9B07-E7B6FABD884C}.Release|x64.Build.0 = Release|x64
		{BB00A020-0BE3-4701-9B07-E7B6FABD884C}.Release|x86.ActiveCfg = Release|Win32
		{BB00A020-0BE3-4701-9B07-E7B6FABD884C}.Release|x86.Build.0 = Release|Win32
		{4819B744-7ACB-496F-A65D-DF5DB029C29F}.Debug|Any CPU.ActiveCfg = Debug|x64
		{4819B744-7ACB-496F-A65D-DF5DB029C29F}.Debug|Any CPU.Build.0 = Debug|x64
		{4819B744-7ACB-496F-A65D-DF5DB029C29F}.Debug|x64.ActiveCfg = Debug|x64
		{4819B744-7ACB-496F-A65D-DF5DB029C29F}.Debug|x64.Build.0 = Debug|x64
		{4819B744-7ACB-496F-A65D-DF5DB029C29F}.Debug|x86.ActiveCfg = Debug|Win32
		{4819B744-7ACB-496F-A65D-DF5DB029C29F}.Debug|x86.Build.0 = Debug|Win32
		{4819B744-7ACB-496F-A65D-DF5DB029C29F}.Release|Any CPU.ActiveCfg = Release|x64
		{4819B744-7ACB-496F-A65D-DF5DB029C29F}.Release|Any CPU.Build.0 = Release|x64
		{4819B744-7ACB-496F-A65D-DF5DB029C29F}.Release|x64.ActiveCfg = Release|x64
		{4819B744-7ACB-496F-A65D-DF5DB029C29F}.Release|x64.Build.0 = Release|x64
		{4819B744-7ACB-496F-A65D-DF5DB029C29F}.Release|x86.ActiveCfg = Release|Win32
		{4819B744-7ACB-496F-A65D-DF5DB029C29F}.Release|x86.Build.0 = Release|Win32
	EndGlobalSection
	GlobalSection(SolutionProperties) = preSolution
		HideSolutionNode = FALSE
	EndGlobalSection
	GlobalSection(NestedProjects) = preSolution
		{489D7A0E-FB93-4265-84EB-F7FC09A23007} = {71B7D9D6-0593-498D-B258-986FC201760B}
		{22B40907-315E-49A3-BC54-C7A558D34851} = {71B7D9D6-0593-498D-B258-986FC201760B}
		{6F9D12AD-7BB1-41F7-8C8F-21683280A5C2} = {192A2EA7-FC7E-4606-B626-4F91817C40B9}
		{5E18FB8A-A2FD-4F36-994F-2EE6A7CC4EA6} = {192A2EA7-FC7E-4606-B626-4F91817C40B9}
		{D14DF76B-082D-4BF6-B0B2-B352AB3E1BCA} = {35D46BB2-C7B1-4C3A-B869-29C7F980D418}
		{4819B744-7ACB-496F-A65D-DF5DB029C29F} = {35D46BB2-C7B1-4C3A-B869-29C7F980D418}
	EndGlobalSection
	GlobalSection(ExtensibilityGlobals) = postSolution
		SolutionGuid = {DDA0A5B6-7034-4A0F-841B-3BE9649C3C08}
	EndGlobalSection
EndGlobal
